github.com/RestartFU/gophig v0.0.0-20220311013807-ab02376aef83 h1:rCWbVmeWCRaqmbSoMXfD95ExUKyKLtod5oNUMNF69ho=
github.com/RestartFU/gophig v0.0.0-20220311013807-ab02376aef83/go.mod h1:xgl4iPaFQhPMAPNcGcQsANHRzmV2dz07BRee4cDDk/4=
github.com/go-yaml/yaml v2.1.0+incompatible h1:RYi2hDdss1u4YE7GwixGzWwVo47T8UQwnTLB6vQiq+o=
github.com/go-yaml/yaml v2.1.0+incompatible/go.mod h1:w2MrLa16VYP0jy6N7M5kHaCkaLENm+P+Tv+MfurjSw0=
github.com/pelletier/go-toml v1.9.4 h1:tjENF6MfZAg8e4ZmZTeWaWiT2vXtsoO6+iuOjFhECwM=
github.com/pelletier/go-toml v1.9.4/go.mod h1:u1nR/EPcESfeI/szUZKdtJ0xRNbUoANCkoOuaOx1Y+c=
golang.org/x/exp v0.0.0-20220713135740-79cabaa25d75 h1:x03zeu7B2B11ySp+daztnwM5oBJ/8wGUSqrwcw9L0RA=
golang.org/x/exp v0.0.0-20220713135740-79cabaa25d75/go.mod h1:Kr81I6Kryrl9sr8s2FK3vxD90NdsKWRuOIl2O4CvYbA=
